// !$*UTF8*$!
{
	archiveVersion = 1;
	classes = {
	};
	objectVersion = 46;
	objects = {

/* Begin PBXBuildFile section */
		7BB243361D0BFED100CA2A79 /* main.c in Sources */ = {isa = PBXBuildFile; fileRef = 7BB243351D0BFED100CA2A79 /* main.c */; };
		7BB2433F1D0BFFCC00CA2A79 /* chalk.c in Sources */ = {isa = PBXBuildFile; fileRef = 7BB2433D1D0BFFCC00CA2A79 /* chalk.c */; };
		7BB243431D0BFFE000CA2A79 /* student.c in Sources */ = {isa = PBXBuildFile; fileRef = 7BB243411D0BFFE000CA2A79 /* student.c */; };
		7BB243461D0C000000CA2A79 /* list.c in Sources */ = {isa = PBXBuildFile; fileRef = 7BB243441D0C000000CA2A79 /* list.c */; };
/* End PBXBuildFile section */

/* Begin PBXCopyFilesBuildPhase section */
		7BB243301D0BFED100CA2A79 /* CopyFiles */ = {
			isa = PBXCopyFilesBuildPhase;
			buildActionMask = 2147483647;
			dstPath = /usr/share/man/man1/;
			dstSubfolderSpec = 0;
			files = (
			);
			runOnlyForDeploymentPostprocessing = 1;
		};
/* End PBXCopyFilesBuildPhase section */

/* Begin PBXFileReference section */
		7BB243321D0BFED100CA2A79 /* StudentInformationManagementSystem */ = {isa = PBXFileReference; explicitFileType = "compiled.mach-o.executable"; includeInIndex = 0; path = StudentInformationManagementSystem; sourceTree = BUILT_PRODUCTS_DIR; };
		7BB243351D0BFED100CA2A79 /* main.c */ = {isa = PBXFileReference; lastKnownFileType = sourcecode.c.c; path = main.c; sourceTree = "<group>"; };
		7BB2433D1D0BFFCC00CA2A79 /* chalk.c */ = {isa = PBXFileReference; fileEncoding = 4; lastKnownFileType = sourcecode.c.c; path = chalk.c; sourceTree = "<group>"; };
		7BB2433E1D0BFFCC00CA2A79 /* chalk.h */ = {isa = PBXFileReference; fileEncoding = 4; lastKnownFileType = sourcecode.c.h; path = chalk.h; sourceTree = "<group>"; };
		7BB243411D0BFFE000CA2A79 /* student.c */ = {isa = PBXFileReference; fileEncoding = 4; lastKnownFileType = sourcecode.c.c; path = student.c; sourceTree = "<group>"; };
		7BB243421D0BFFE000CA2A79 /* student.h */ = {isa = PBXFileReference; fileEncoding = 4; lastKnownFileType = sourcecode.c.h; path = student.h; sourceTree = "<group>"; };
		7BB243441D0C000000CA2A79 /* list.c */ = {isa = PBXFileReference; fileEncoding = 4; lastKnownFileType = sourcecode.c.c; path = list.c; sourceTree = "<group>"; };
		7BB243451D0C000000CA2A79 /* list.h */ = {isa = PBXFileReference; fileEncoding = 4; lastKnownFileType = sourcecode.c.h; path = list.h; sourceTree = "<group>"; };
/* End PBXFileReference section */

/* Begin PBXFrameworksBuildPhase section */
		7BB2432F1D0BFED100CA2A79 /* Frameworks */ = {
			isa = PBXFrameworksBuildPhase;
			buildActionMask = 2147483647;
			files = (
			);
			runOnlyForDeploymentPostprocessing = 0;
		};
/* End PBXFrameworksBuildPhase section */

/* Begin PBXGroup section */
		7BB243291D0BFED100CA2A79 = {
			isa = PBXGroup;
			children = (
				7BB243341D0BFED100CA2A79 /* StudentInformationManagementSystem */,
				7BB243331D0BFED100CA2A79 /* Products */,
			);
			sourceTree = "<group>";
		};
		7BB243331D0BFED100CA2A79 /* Products */ = {
			isa = PBXGroup;
			children = (
				7BB243321D0BFED100CA2A79 /* StudentInformationManagementSystem */,
			);
			name = Products;
			sourceTree = "<group>";
		};
		7BB243341D0BFED100CA2A79 /* StudentInformationManagementSystem */ = {
			isa = PBXGroup;
			children = (
				7BB2433C1D0BFFA900CA2A79 /* lib */,
				7BB243351D0BFED100CA2A79 /* main.c */,
			);
			path = StudentInformationManagementSystem;
			sourceTree = "<group>";
		};
		7BB2433C1D0BFFA900CA2A79 /* lib */ = {
			isa = PBXGroup;
			children = (
				7BB2433D1D0BFFCC00CA2A79 /* chalk.c */,
				7BB2433E1D0BFFCC00CA2A79 /* chalk.h */,
				7BB243411D0BFFE000CA2A79 /* student.c */,
				7BB243421D0BFFE000CA2A79 /* student.h */,
				7BB243441D0C000000CA2A79 /* list.c */,
				7BB243451D0C000000CA2A79 /* list.h */,
			);
			name = lib;
			sourceTree = "<group>";
		};
/* End PBXGroup section */

/* Begin PBXNativeTarget section */
		7BB243311D0BFED100CA2A79 /* StudentInformationManagementSystem */ = {
			isa = PBXNativeTarget;
			buildConfigurationList = 7BB243391D0BFED100CA2A79 /* Build configuration list for PBXNativeTarget "StudentInformationManagementSystem" */;
			buildPhases = (
				7BB2432E1D0BFED100CA2A79 /* Sources */,
				7BB2432F1D0BFED100CA2A79 /* Frameworks */,
				7BB243301D0BFED100CA2A79 /* CopyFiles */,
			);
			buildRules = (
			);
			dependencies = (
			);
			name = StudentInformationManagementSystem;
			productName = StudentInformationManagementSystem;
			productReference = 7BB243321D0BFED100CA2A79 /* StudentInformationManagementSystem */;
			productType = "com.apple.product-type.tool";
		};
/* End PBXNativeTarget section */

/* Begin PBXProject section */
		7BB2432A1D0BFED100CA2A79 /* Project object */ = {
			isa = PBXProject;
			attributes = {
				LastUpgradeCheck = 0730;
				ORGANIZATIONNAME = blackcater;
				TargetAttributes = {
					7BB243311D0BFED100CA2A79 = {
						CreatedOnToolsVersion = 7.3.1;
					};
				};
			};
			buildConfigurationList = 7BB2432D1D0BFED100CA2A79 /* Build configuration list for PBXProject "StudentInformationManagementSystem" */;
			compatibilityVersion = "Xcode 3.2";
			developmentRegion = English;
			hasScannedForEncodings = 0;
			knownRegions = (
				en,
			);
			mainGroup = 7BB243291D0BFED100CA2A79;
			productRefGroup = 7BB243331D0BFED100CA2A79 /* Products */;
			projectDirPath = "";
			projectRoot = "";
			targets = (
				7BB243311D0BFED100CA2A79 /* StudentInformationManagementSystem */,
			);
		};
/* End PBXProject section */

/* Begin PBXSourcesBuildPhase section */
		7BB2432E1D0BFED100CA2A79 /* Sources */ = {
			isa = PBXSourcesBuildPhase;
			buildActionMask = 2147483647;
			files = (
				7BB243361D0BFED100CA2A79 /* main.c in Sources */,
				7BB243431D0BFFE000CA2A79 /* student.c in Sources */,
				7BB2433F1D0BFFCC00CA2A79 /* chalk.c in Sources */,
				7BB243461D0C000000CA2A79 /* list.c in Sources */,
			);
			runOnlyForDeploymentPostprocessing = 0;
		};
/* End PBXSourcesBuildPhase section */

/* Begin XCBuildConfiguration section */
		7BB243371D0BFED100CA2A79 /* Debug */ = {
			isa = XCBuildConfiguration;
			buildSettings = {
				ALWAYS_SEARCH_USER_PATHS = NO;
				CLANG_ANALYZER_NONNULL = YES;
				CLANG_CXX_LANGUAGE_STANDARD = "gnu++0x";
				CLANG_CXX_LIBRARY = "libc++";
				CLANG_ENABLE_MODULES = YES;
				CLANG_ENABLE_OBJC_ARC = YES;
				CLANG_WARN_BOOL_CONVERSION = YES;
				CLANG_WARN_CONSTANT_CONVERSION = YES;
				CLANG_WARN_DIRECT_OBJC_ISA_USAGE = YES_ERROR;
				CLANG_WARN_EMPTY_BODY = YES;
				CLANG_WARN_ENUM_CONVERSION = YES;
				CLANG_WARN_INT_CONVERSION = YES;
				CLANG_WARN_OBJC_ROOT_CLASS = YES_ERROR;
				CLANG_WARN_UNREACHABLE_CODE = YES;
				CLANG_WARN__DUPLICATE_METHOD_MATCH = YES;
				CODE_SIGN_IDENTITY = "-";
				COPY_PHASE_STRIP = NO;
				DEBUG_INFORMATION_FORMAT = dwarf;
				ENABLE_STRICT_OBJC_MSGSEND = YES;
				ENABLE_TESTABILITY = YES;
				GCC_C_LANGUAGE_STANDARD = gnu99;
				GCC_DYNAMIC_NO_PIC = NO;
				GCC_NO_COMMON_BLOCKS = YES;
				GCC_OPTIMIZATION_LEVEL = 0;
				GCC_PREPROCESSOR_DEFINITIONS = (
					"DEBUG=1",
					"$(inherited)",
				);
				GCC_WARN_64_TO_32_BIT_CONVERSION = YES;
				GCC_WARN_ABOUT_RETURN_TYPE = YES_ERROR;
				GCC_WARN_UNDECLARED_SELECTOR = YES;
				GCC_WARN_UNINITIALIZED_AUTOS = YES_AGGRESSIVE;
				GCC_WARN_UNUSED_FUNCTION = YES;
				GCC_WARN_UNUSED_VARIABLE = YES;
				MACOSX_DEPLOYMENT_TARGET = 10.11;
				MTL_ENABLE_DEBUG_INFO = YES;
				ONLY_ACTIVE_ARCH = YES;
				SDKROOT = macosx;
			};
			name = Debug;
		};
		7BB243381D0BFED100CA2A79 /* Release */ = {
			isa = XCBuildConfiguration;
			buildSettings = {
				ALWAYS_SEARCH_USER_PATHS = NO;
				CLANG_ANALYZER_NONNULL = YES;
				CLANG_CXX_LANGUAGE_STANDARD = "gnu++0x";
				CLANG_CXX_LIBRARY = "libc++";
				CLANG_ENABLE_MODULES = YES;
				CLANG_ENABLE_OBJC_ARC = YES;
				CLANG_WARN_BOOL_CONVERSION = YES;
				CLANG_WARN_CONSTANT_CONVERSION = YES;
				CLANG_WARN_DIRECT_OBJC_ISA_USAGE = YES_ERROR;
				CLANG_WARN_EMPTY_BODY = YES;
				CLANG_WARN_ENUM_CONVERSION = YES;
				CLANG_WARN_INT_CONVERSION = YES;
				CLANG_WARN_OBJC_ROOT_CLASS = YES_ERROR;
				CLANG_WARN_UNREACHABLE_CODE = YES;
				CLANG_WARN__DUPLICATE_METHOD_MATCH = YES;
				CODE_SIGN_IDENTITY = "-";
				COPY_PHASE_STRIP = NO;
				DEBUG_INFORMATION_FORMAT = "dwarf-with-dsym";
				ENABLE_NS_ASSERTIONS = NO;
				ENABLE_STRICT_OBJC_MSGSEND = YES;
				GCC_C_LANGUAGE_STANDARD = gnu99;
				GCC_NO_COMMON_BLOCKS = YES;
				GCC_WARN_64_TO_32_BIT_CONVERSION = YES;
				GCC_WARN_ABOUT_RETURN_TYPE = YES_ERROR;
				GCC_WARN_UNDECLARED_SELECTOR = YES;
				GCC_WARN_UNINITIALIZED_AUTOS = YES_AGGRESSIVE;
				GCC_WARN_UNUSED_FUNCTION = YES;
				GCC_WARN_UNUSED_VARIABLE = YES;
				MACOSX_DEPLOYMENT_TARGET = 10.11;
				MTL_ENABLE_DEBUG_INFO = NO;
				SDKROOT = macosx;
			};
			name = Release;
		};
		7BB2433A1D0BFED100CA2A79 /* Debug */ = {
			isa = XCBuildConfiguration;
			buildSettings = {
				PRODUCT_NAME = "$(TARGET_NAME)";
			};
			name = Debug;
		};
		7BB2433B1D0BFED100CA2A79 /* Release */ = {
			isa = XCBuildConfiguration;
			buildSettings = {
				PRODUCT_NAME = "$(TARGET_NAME)";
			};
			name = Release;
		};
/* End XCBuildConfiguration section */

/* Begin XCConfigurationList section */
		7BB2432D1D0BFED100CA2A79 /* Build configuration list for PBXProject "StudentInformationManagementSystem" */ = {
			isa = XCConfigurationList;
			buildConfigurations = (
				7BB243371D0BFED100CA2A79 /* Debug */,
				7BB243381D0BFED100CA2A79 /* Release */,
			);
			defaultConfigurationIsVisible = 0;
			defaultConfigurationName = Release;
		};
		7BB243391D0BFED100CA2A79 /* Build configuration list for PBXNativeTarget "StudentInformationManagementSystem" */ = {
			isa = XCConfigurationList;
			buildConfigurations = (
				7BB2433A1D0BFED100CA2A79 /* Debug */,
				7BB2433B1D0BFED100CA2A79 /* Release */,
			);
			defaultConfigurationIsVisible = 0;
		};
/* End XCConfigurationList section */
	};
	rootObject = 7BB2432A1D0BFED100CA2A79 /* Project object */;
}
